// !$*UTF8*$!
{
	archiveVersion = 1;
	classes = {
	};
	objectVersion = 56;
	objects = {

/* Begin PBXBuildFile section */
		3A5AFB6B2C1CA6FD0093D449 /* WuxiaMeditationApp.swift in Sources */ = {isa = PBXBuildFile; fileRef = 3A5AFB6A2C1CA6FD0093D449 /* WuxiaMeditationApp.swift */; };
		3A5AFB6D2C1CA6FD0093D449 /* ContentView.swift in Sources */ = {isa = PBXBuildFile; fileRef = 3A5AFB6C2C1CA6FD0093D449 /* ContentView.swift */; };
		3A5AFB6F2C1CA6FD0093D449 /* Item.swift in Sources */ = {isa = PBXBuildFile; fileRef = 3A5AFB6E2C1CA6FD0093D449 /* Item.swift */; };
		3A5AFB712C1CA6FE0093D449 /* Assets.xcassets in Resources */ = {isa = PBXBuildFile; fileRef = 3A5AFB702C1CA6FE0093D449 /* Assets.xcassets */; };
		3A5AFB742C1CA6FE0093D449 /* Preview Assets.xcassets in Resources */ = {isa = PBXBuildFile; fileRef = 3A5AFB732C1CA6FE0093D449 /* Preview Assets.xcassets */; };
		3A5AFB7F2C1CA8490093D449 /* OnboardingView.swift in Sources */ = {isa = PBXBuildFile; fileRef = 3A5AFB7E2C1CA8490093D449 /* OnboardingView.swift */; };
		3A5AFB812C1CA9090093D449 /* Color.xcassets in Resources */ = {isa = PBXBuildFile; fileRef = 3A5AFB802C1CA9090093D449 /* Color.xcassets */; };
		3A5AFB842C1CA9B20093D449 /* LargeButtonView.swift in Sources */ = {isa = PBXBuildFile; fileRef = 3A5AFB832C1CA9B20093D449 /* LargeButtonView.swift */; };
		3A5AFB862C1CAC8B0093D449 /* EnergyCenterView.swift in Sources */ = {isa = PBXBuildFile; fileRef = 3A5AFB852C1CAC8B0093D449 /* EnergyCenterView.swift */; };
		3A5AFB8A2C1CB0C10093D449 /* Font+.swift in Sources */ = {isa = PBXBuildFile; fileRef = 3A5AFB892C1CB0C10093D449 /* Font+.swift */; };
		3A5AFB8E2C1CB1780093D449 /* GapyeongHanseokbongL.otf in Resources */ = {isa = PBXBuildFile; fileRef = 3A5AFB8B2C1CB1780093D449 /* GapyeongHanseokbongL.otf */; };
		3A5AFB8F2C1CB1780093D449 /* GapyeongHanseokbongB.otf in Resources */ = {isa = PBXBuildFile; fileRef = 3A5AFB8C2C1CB1780093D449 /* GapyeongHanseokbongB.otf */; };
		3A5AFB902C1CB1780093D449 /* GapyeongHanseokbongR.otf in Resources */ = {isa = PBXBuildFile; fileRef = 3A5AFB8D2C1CB1780093D449 /* GapyeongHanseokbongR.otf */; };
		3A5AFB932C1CBC190093D449 /* Date+.swift in Sources */ = {isa = PBXBuildFile; fileRef = 3A5AFB922C1CBC190093D449 /* Date+.swift */; };
		3A5AFB952C1CBC350093D449 /* WuxiaTime.swift in Sources */ = {isa = PBXBuildFile; fileRef = 3A5AFB942C1CBC350093D449 /* WuxiaTime.swift */; };
		3A5AFB972C1CBD5F0093D449 /* EneryState.swift in Sources */ = {isa = PBXBuildFile; fileRef = 3A5AFB962C1CBD5F0093D449 /* EneryState.swift */; };
/* End PBXBuildFile section */

/* Begin PBXFileReference section */
		3A5AFB672C1CA6FD0093D449 /* WuxiaMeditation.app */ = {isa = PBXFileReference; explicitFileType = wrapper.application; includeInIndex = 0; path = WuxiaMeditation.app; sourceTree = BUILT_PRODUCTS_DIR; };
		3A5AFB6A2C1CA6FD0093D449 /* WuxiaMeditationApp.swift */ = {isa = PBXFileReference; lastKnownFileType = sourcecode.swift; path = WuxiaMeditationApp.swift; sourceTree = "<group>"; };
		3A5AFB6C2C1CA6FD0093D449 /* ContentView.swift */ = {isa = PBXFileReference; lastKnownFileType = sourcecode.swift; path = ContentView.swift; sourceTree = "<group>"; };
		3A5AFB6E2C1CA6FD0093D449 /* Item.swift */ = {isa = PBXFileReference; lastKnownFileType = sourcecode.swift; path = Item.swift; sourceTree = "<group>"; };
		3A5AFB702C1CA6FE0093D449 /* Assets.xcassets */ = {isa = PBXFileReference; lastKnownFileType = folder.assetcatalog; path = Assets.xcassets; sourceTree = "<group>"; };
		3A5AFB732C1CA6FE0093D449 /* Preview Assets.xcassets */ = {isa = PBXFileReference; lastKnownFileType = folder.assetcatalog; path = "Preview Assets.xcassets"; sourceTree = "<group>"; };
		3A5AFB7E2C1CA8490093D449 /* OnboardingView.swift */ = {isa = PBXFileReference; lastKnownFileType = sourcecode.swift; path = OnboardingView.swift; sourceTree = "<group>"; };
		3A5AFB802C1CA9090093D449 /* Color.xcassets */ = {isa = PBXFileReference; lastKnownFileType = folder.assetcatalog; path = Color.xcassets; sourceTree = "<group>"; };
		3A5AFB832C1CA9B20093D449 /* LargeButtonView.swift */ = {isa = PBXFileReference; lastKnownFileType = sourcecode.swift; path = LargeButtonView.swift; sourceTree = "<group>"; };
		3A5AFB852C1CAC8B0093D449 /* EnergyCenterView.swift */ = {isa = PBXFileReference; lastKnownFileType = sourcecode.swift; path = EnergyCenterView.swift; sourceTree = "<group>"; };
		3A5AFB892C1CB0C10093D449 /* Font+.swift */ = {isa = PBXFileReference; lastKnownFileType = sourcecode.swift; path = "Font+.swift"; sourceTree = "<group>"; };
		3A5AFB8B2C1CB1780093D449 /* GapyeongHanseokbongL.otf */ = {isa = PBXFileReference; lastKnownFileType = file; path = GapyeongHanseokbongL.otf; sourceTree = "<group>"; };
		3A5AFB8C2C1CB1780093D449 /* GapyeongHanseokbongB.otf */ = {isa = PBXFileReference; lastKnownFileType = file; path = GapyeongHanseokbongB.otf; sourceTree = "<group>"; };
		3A5AFB8D2C1CB1780093D449 /* GapyeongHanseokbongR.otf */ = {isa = PBXFileReference; lastKnownFileType = file; path = GapyeongHanseokbongR.otf; sourceTree = "<group>"; };
		3A5AFB912C1CB19E0093D449 /* Info.plist */ = {isa = PBXFileReference; lastKnownFileType = text.plist; path = Info.plist; sourceTree = "<group>"; };
		3A5AFB922C1CBC190093D449 /* Date+.swift */ = {isa = PBXFileReference; lastKnownFileType = sourcecode.swift; path = "Date+.swift"; sourceTree = "<group>"; };
		3A5AFB942C1CBC350093D449 /* WuxiaTime.swift */ = {isa = PBXFileReference; lastKnownFileType = sourcecode.swift; path = WuxiaTime.swift; sourceTree = "<group>"; };
		3A5AFB962C1CBD5F0093D449 /* EneryState.swift */ = {isa = PBXFileReference; lastKnownFileType = sourcecode.swift; path = EneryState.swift; sourceTree = "<group>"; };
/* End PBXFileReference section */

/* Begin PBXFrameworksBuildPhase section */
		3A5AFB642C1CA6FD0093D449 /* Frameworks */ = {
			isa = PBXFrameworksBuildPhase;
			buildActionMask = 2147483647;
			files = (
			);
			runOnlyForDeploymentPostprocessing = 0;
		};
/* End PBXFrameworksBuildPhase section */

/* Begin PBXGroup section */
		3A5AFB5E2C1CA6FD0093D449 = {
			isa = PBXGroup;
			children = (
				3A5AFB692C1CA6FD0093D449 /* WuxiaMeditation */,
				3A5AFB682C1CA6FD0093D449 /* Products */,
			);
			sourceTree = "<group>";
		};
		3A5AFB682C1CA6FD0093D449 /* Products */ = {
			isa = PBXGroup;
			children = (
				3A5AFB672C1CA6FD0093D449 /* WuxiaMeditation.app */,
			);
			name = Products;
			sourceTree = "<group>";
		};
		3A5AFB692C1CA6FD0093D449 /* WuxiaMeditation */ = {
			isa = PBXGroup;
			children = (
				3A5AFB912C1CB19E0093D449 /* Info.plist */,
				3A5AFB822C1CA9A30093D449 /* Common */,
				3A5AFB7C2C1CA7F90093D449 /* Core */,
				3A5AFB7B2C1CA7F50093D449 /* Model */,
				3A5AFB7A2C1CA7F00093D449 /* View */,
				3A5AFB7D2C1CA8040093D449 /* Resource */,
				3A5AFB722C1CA6FE0093D449 /* Preview Content */,
			);
			path = WuxiaMeditation;
			sourceTree = "<group>";
		};
		3A5AFB722C1CA6FE0093D449 /* Preview Content */ = {
			isa = PBXGroup;
			children = (
				3A5AFB732C1CA6FE0093D449 /* Preview Assets.xcassets */,
			);
			path = "Preview Content";
			sourceTree = "<group>";
		};
		3A5AFB7A2C1CA7F00093D449 /* View */ = {
			isa = PBXGroup;
			children = (
				3A5AFB7E2C1CA8490093D449 /* OnboardingView.swift */,
				3A5AFB852C1CAC8B0093D449 /* EnergyCenterView.swift */,
			);
			path = View;
			sourceTree = "<group>";
		};
		3A5AFB7B2C1CA7F50093D449 /* Model */ = {
			isa = PBXGroup;
			children = (
				3A5AFB6E2C1CA6FD0093D449 /* Item.swift */,
				3A5AFB942C1CBC350093D449 /* WuxiaTime.swift */,
				3A5AFB962C1CBD5F0093D449 /* EneryState.swift */,
			);
			path = Model;
			sourceTree = "<group>";
		};
		3A5AFB7C2C1CA7F90093D449 /* Core */ = {
			isa = PBXGroup;
			children = (
				3A5AFB6A2C1CA6FD0093D449 /* WuxiaMeditationApp.swift */,
				3A5AFB6C2C1CA6FD0093D449 /* ContentView.swift */,
			);
			path = Core;
			sourceTree = "<group>";
		};
		3A5AFB7D2C1CA8040093D449 /* Resource */ = {
			isa = PBXGroup;
			children = (
				3A5AFB8C2C1CB1780093D449 /* GapyeongHanseokbongB.otf */,
				3A5AFB8B2C1CB1780093D449 /* GapyeongHanseokbongL.otf */,
				3A5AFB8D2C1CB1780093D449 /* GapyeongHanseokbongR.otf */,
				3A5AFB702C1CA6FE0093D449 /* Assets.xcassets */,
				3A5AFB802C1CA9090093D449 /* Color.xcassets */,
			);
			path = Resource;
			sourceTree = "<group>";
		};
		3A5AFB822C1CA9A30093D449 /* Common */ = {
			isa = PBXGroup;
			children = (
				3A5AFB882C1CB0B50093D449 /* Extension */,
				3A5AFB872C1CB0A70093D449 /* Components */,
			);
			path = Common;
			sourceTree = "<group>";
		};
		3A5AFB872C1CB0A70093D449 /* Components */ = {
			isa = PBXGroup;
			children = (
				3A5AFB832C1CA9B20093D449 /* LargeButtonView.swift */,
			);
			path = Components;
			sourceTree = "<group>";
		};
		3A5AFB882C1CB0B50093D449 /* Extension */ = {
			isa = PBXGroup;
			children = (
				3A5AFB892C1CB0C10093D449 /* Font+.swift */,
				3A5AFB922C1CBC190093D449 /* Date+.swift */,
			);
			path = Extension;
			sourceTree = "<group>";
		};
/* End PBXGroup section */

/* Begin PBXNativeTarget section */
		3A5AFB662C1CA6FD0093D449 /* WuxiaMeditation */ = {
			isa = PBXNativeTarget;
			buildConfigurationList = 3A5AFB772C1CA6FE0093D449 /* Build configuration list for PBXNativeTarget "WuxiaMeditation" */;
			buildPhases = (
				3A5AFB632C1CA6FD0093D449 /* Sources */,
				3A5AFB642C1CA6FD0093D449 /* Frameworks */,
				3A5AFB652C1CA6FD0093D449 /* Resources */,
			);
			buildRules = (
			);
			dependencies = (
			);
			name = WuxiaMeditation;
			productName = WuxiaMeditation;
			productReference = 3A5AFB672C1CA6FD0093D449 /* WuxiaMeditation.app */;
			productType = "com.apple.product-type.application";
		};
/* End PBXNativeTarget section */

/* Begin PBXProject section */
		3A5AFB5F2C1CA6FD0093D449 /* Project object */ = {
			isa = PBXProject;
			attributes = {
				BuildIndependentTargetsInParallel = 1;
				LastSwiftUpdateCheck = 1540;
				LastUpgradeCheck = 1540;
				TargetAttributes = {
					3A5AFB662C1CA6FD0093D449 = {
						CreatedOnToolsVersion = 15.4;
					};
				};
			};
			buildConfigurationList = 3A5AFB622C1CA6FD0093D449 /* Build configuration list for PBXProject "WuxiaMeditation" */;
			compatibilityVersion = "Xcode 14.0";
			developmentRegion = en;
			hasScannedForEncodings = 0;
			knownRegions = (
				en,
				Base,
			);
			mainGroup = 3A5AFB5E2C1CA6FD0093D449;
			productRefGroup = 3A5AFB682C1CA6FD0093D449 /* Products */;
			projectDirPath = "";
			projectRoot = "";
			targets = (
				3A5AFB662C1CA6FD0093D449 /* WuxiaMeditation */,
			);
		};
/* End PBXProject section */

/* Begin PBXResourcesBuildPhase section */
		3A5AFB652C1CA6FD0093D449 /* Resources */ = {
			isa = PBXResourcesBuildPhase;
			buildActionMask = 2147483647;
			files = (
				3A5AFB902C1CB1780093D449 /* GapyeongHanseokbongR.otf in Resources */,
				3A5AFB8F2C1CB1780093D449 /* GapyeongHanseokbongB.otf in Resources */,
				3A5AFB8E2C1CB1780093D449 /* GapyeongHanseokbongL.otf in Resources */,
				3A5AFB742C1CA6FE0093D449 /* Preview Assets.xcassets in Resources */,
				3A5AFB712C1CA6FE0093D449 /* Assets.xcassets in Resources */,
				3A5AFB812C1CA9090093D449 /* Color.xcassets in Resources */,
			);
			runOnlyForDeploymentPostprocessing = 0;
		};
/* End PBXResourcesBuildPhase section */

/* Begin PBXSourcesBuildPhase section */
		3A5AFB632C1CA6FD0093D449 /* Sources */ = {
			isa = PBXSourcesBuildPhase;
			buildActionMask = 2147483647;
			files = (
				3A5AFB6D2C1CA6FD0093D449 /* ContentView.swift in Sources */,
				3A5AFB8A2C1CB0C10093D449 /* Font+.swift in Sources */,
				3A5AFB842C1CA9B20093D449 /* LargeButtonView.swift in Sources */,
				3A5AFB7F2C1CA8490093D449 /* OnboardingView.swift in Sources */,
				3A5AFB6F2C1CA6FD0093D449 /* Item.swift in Sources */,
				3A5AFB952C1CBC350093D449 /* WuxiaTime.swift in Sources */,
				3A5AFB6B2C1CA6FD0093D449 /* WuxiaMeditationApp.swift in Sources */,
				3A5AFB862C1CAC8B0093D449 /* EnergyCenterView.swift in Sources */,
				3A5AFB932C1CBC190093D449 /* Date+.swift in Sources */,
				3A5AFB972C1CBD5F0093D449 /* EneryState.swift in Sources */,
			);
			runOnlyForDeploymentPostprocessing = 0;
		};
/* End PBXSourcesBuildPhase section */

/* Begin XCBuildConfiguration section */
		3A5AFB752C1CA6FE0093D449 /* Debug */ = {
			isa = XCBuildConfiguration;
			buildSettings = {
				ALWAYS_SEARCH_USER_PATHS = NO;
				ASSETCATALOG_COMPILER_GENERATE_SWIFT_ASSET_SYMBOL_EXTENSIONS = YES;
				CLANG_ANALYZER_NONNULL = YES;
				CLANG_ANALYZER_NUMBER_OBJECT_CONVERSION = YES_AGGRESSIVE;
				CLANG_CXX_LANGUAGE_STANDARD = "gnu++20";
				CLANG_ENABLE_MODULES = YES;
				CLANG_ENABLE_OBJC_ARC = YES;
				CLANG_ENABLE_OBJC_WEAK = YES;
				CLANG_WARN_BLOCK_CAPTURE_AUTORELEASING = YES;
				CLANG_WARN_BOOL_CONVERSION = YES;
				CLANG_WARN_COMMA = YES;
				CLANG_WARN_CONSTANT_CONVERSION = YES;
				CLANG_WARN_DEPRECATED_OBJC_IMPLEMENTATIONS = YES;
				CLANG_WARN_DIRECT_OBJC_ISA_USAGE = YES_ERROR;
				CLANG_WARN_DOCUMENTATION_COMMENTS = YES;
				CLANG_WARN_EMPTY_BODY = YES;
				CLANG_WARN_ENUM_CONVERSION = YES;
				CLANG_WARN_INFINITE_RECURSION = YES;
				CLANG_WARN_INT_CONVERSION = YES;
				CLANG_WARN_NON_LITERAL_NULL_CONVERSION = YES;
				CLANG_WARN_OBJC_IMPLICIT_RETAIN_SELF = YES;
				CLANG_WARN_OBJC_LITERAL_CONVERSION = YES;
				CLANG_WARN_OBJC_ROOT_CLASS = YES_ERROR;
				CLANG_WARN_QUOTED_INCLUDE_IN_FRAMEWORK_HEADER = YES;
				CLANG_WARN_RANGE_LOOP_ANALYSIS = YES;
				CLANG_WARN_STRICT_PROTOTYPES = YES;
				CLANG_WARN_SUSPICIOUS_MOVE = YES;
				CLANG_WARN_UNGUARDED_AVAILABILITY = YES_AGGRESSIVE;
				CLANG_WARN_UNREACHABLE_CODE = YES;
				CLANG_WARN__DUPLICATE_METHOD_MATCH = YES;
				COPY_PHASE_STRIP = NO;
				DEBUG_INFORMATION_FORMAT = dwarf;
				ENABLE_STRICT_OBJC_MSGSEND = YES;
				ENABLE_TESTABILITY = YES;
				ENABLE_USER_SCRIPT_SANDBOXING = YES;
				GCC_C_LANGUAGE_STANDARD = gnu17;
				GCC_DYNAMIC_NO_PIC = NO;
				GCC_NO_COMMON_BLOCKS = YES;
				GCC_OPTIMIZATION_LEVEL = 0;
				GCC_PREPROCESSOR_DEFINITIONS = (
					"DEBUG=1",
					"$(inherited)",
				);
				GCC_WARN_64_TO_32_BIT_CONVERSION = YES;
				GCC_WARN_ABOUT_RETURN_TYPE = YES_ERROR;
				GCC_WARN_UNDECLARED_SELECTOR = YES;
				GCC_WARN_UNINITIALIZED_AUTOS = YES_AGGRESSIVE;
				GCC_WARN_UNUSED_FUNCTION = YES;
				GCC_WARN_UNUSED_VARIABLE = YES;
				IPHONEOS_DEPLOYMENT_TARGET = 17.5;
				LOCALIZATION_PREFERS_STRING_CATALOGS = YES;
				MTL_ENABLE_DEBUG_INFO = INCLUDE_SOURCE;
				MTL_FAST_MATH = YES;
				ONLY_ACTIVE_ARCH = YES;
				SDKROOT = iphoneos;
				SWIFT_ACTIVE_COMPILATION_CONDITIONS = "DEBUG $(inherited)";
				SWIFT_OPTIMIZATION_LEVEL = "-Onone";
			};
			name = Debug;
		};
		3A5AFB762C1CA6FE0093D449 /* Release */ = {
			isa = XCBuildConfiguration;
			buildSettings = {
				ALWAYS_SEARCH_USER_PATHS = NO;
				ASSETCATALOG_COMPILER_GENERATE_SWIFT_ASSET_SYMBOL_EXTENSIONS = YES;
				CLANG_ANALYZER_NONNULL = YES;
				CLANG_ANALYZER_NUMBER_OBJECT_CONVERSION = YES_AGGRESSIVE;
				CLANG_CXX_LANGUAGE_STANDARD = "gnu++20";
				CLANG_ENABLE_MODULES = YES;
				CLANG_ENABLE_OBJC_ARC = YES;
				CLANG_ENABLE_OBJC_WEAK = YES;
				CLANG_WARN_BLOCK_CAPTURE_AUTORELEASING = YES;
				CLANG_WARN_BOOL_CONVERSION = YES;
				CLANG_WARN_COMMA = YES;
				CLANG_WARN_CONSTANT_CONVERSION = YES;
				CLANG_WARN_DEPRECATED_OBJC_IMPLEMENTATIONS = YES;
				CLANG_WARN_DIRECT_OBJC_ISA_USAGE = YES_ERROR;
				CLANG_WARN_DOCUMENTATION_COMMENTS = YES;
				CLANG_WARN_EMPTY_BODY = YES;
				CLANG_WARN_ENUM_CONVERSION = YES;
				CLANG_WARN_INFINITE_RECURSION = YES;
				CLANG_WARN_INT_CONVERSION = YES;
				CLANG_WARN_NON_LITERAL_NULL_CONVERSION = YES;
				CLANG_WARN_OBJC_IMPLICIT_RETAIN_SELF = YES;
				CLANG_WARN_OBJC_LITERAL_CONVERSION = YES;
				CLANG_WARN_OBJC_ROOT_CLASS = YES_ERROR;
				CLANG_WARN_QUOTED_INCLUDE_IN_FRAMEWORK_HEADER = YES;
				CLANG_WARN_RANGE_LOOP_ANALYSIS = YES;
				CLANG_WARN_STRICT_PROTOTYPES = YES;
				CLANG_WARN_SUSPICIOUS_MOVE = YES;
				CLANG_WARN_UNGUARDED_AVAILABILITY = YES_AGGRESSIVE;
				CLANG_WARN_UNREACHABLE_CODE = YES;
				CLANG_WARN__DUPLICATE_METHOD_MATCH = YES;
				COPY_PHASE_STRIP = NO;
				DEBUG_INFORMATION_FORMAT = "dwarf-with-dsym";
				ENABLE_NS_ASSERTIONS = NO;
				ENABLE_STRICT_OBJC_MSGSEND = YES;
				ENABLE_USER_SCRIPT_SANDBOXING = YES;
				GCC_C_LANGUAGE_STANDARD = gnu17;
				GCC_NO_COMMON_BLOCKS = YES;
				GCC_WARN_64_TO_32_BIT_CONVERSION = YES;
				GCC_WARN_ABOUT_RETURN_TYPE = YES_ERROR;
				GCC_WARN_UNDECLARED_SELECTOR = YES;
				GCC_WARN_UNINITIALIZED_AUTOS = YES_AGGRESSIVE;
				GCC_WARN_UNUSED_FUNCTION = YES;
				GCC_WARN_UNUSED_VARIABLE = YES;
				IPHONEOS_DEPLOYMENT_TARGET = 17.5;
				LOCALIZATION_PREFERS_STRING_CATALOGS = YES;
				MTL_ENABLE_DEBUG_INFO = NO;
				MTL_FAST_MATH = YES;
				SDKROOT = iphoneos;
				SWIFT_COMPILATION_MODE = wholemodule;
				VALIDATE_PRODUCT = YES;
			};
			name = Release;
		};
		3A5AFB782C1CA6FE0093D449 /* Debug */ = {
			isa = XCBuildConfiguration;
			buildSettings = {
				ASSETCATALOG_COMPILER_APPICON_NAME = AppIcon;
				ASSETCATALOG_COMPILER_GLOBAL_ACCENT_COLOR_NAME = AccentColor;
				CODE_SIGN_STYLE = Automatic;
				CURRENT_PROJECT_VERSION = 1;
				DEVELOPMENT_ASSET_PATHS = "\"WuxiaMeditation/Preview Content\"";
				DEVELOPMENT_TEAM = JXHZ6FLB7P;
				ENABLE_PREVIEWS = YES;
				GENERATE_INFOPLIST_FILE = YES;
				INFOPLIST_FILE = WuxiaMeditation/Info.plist;
				INFOPLIST_KEY_UIApplicationSceneManifest_Generation = YES;
				INFOPLIST_KEY_UIApplicationSupportsIndirectInputEvents = YES;
				INFOPLIST_KEY_UILaunchScreen_Generation = YES;
				INFOPLIST_KEY_UISupportedInterfaceOrientations_iPad = "UIInterfaceOrientationPortrait UIInterfaceOrientationPortraitUpsideDown UIInterfaceOrientationLandscapeLeft UIInterfaceOrientationLandscapeRight";
				INFOPLIST_KEY_UISupportedInterfaceOrientations_iPhone = "UIInterfaceOrientationPortrait UIInterfaceOrientationLandscapeLeft UIInterfaceOrientationLandscapeRight";
				LD_RUNPATH_SEARCH_PATHS = (
					"$(inherited)",
					"@executable_path/Frameworks",
				);
				MARKETING_VERSION = 1.0;
				PRODUCT_BUNDLE_IDENTIFIER = com.austin.WuxiaMeditation;
				PRODUCT_NAME = "$(TARGET_NAME)";
				SWIFT_EMIT_LOC_STRINGS = YES;
				SWIFT_VERSION = 5.0;
				TARGETED_DEVICE_FAMILY = "1,2";
			};
			name = Debug;
		};
		3A5AFB792C1CA6FE0093D449 /* Release */ = {
			isa = XCBuildConfiguration;
			buildSettings = {
				ASSETCATALOG_COMPILER_APPICON_NAME = AppIcon;
				ASSETCATALOG_COMPILER_GLOBAL_ACCENT_COLOR_NAME = AccentColor;
				CODE_SIGN_STYLE = Automatic;
				CURRENT_PROJECT_VERSION = 1;
				DEVELOPMENT_ASSET_PATHS = "\"WuxiaMeditation/Preview Content\"";
				DEVELOPMENT_TEAM = JXHZ6FLB7P;
				ENABLE_PREVIEWS = YES;
				GENERATE_INFOPLIST_FILE = YES;
				INFOPLIST_FILE = WuxiaMeditation/Info.plist;
				INFOPLIST_KEY_UIApplicationSceneManifest_Generation = YES;
				INFOPLIST_KEY_UIApplicationSupportsIndirectInputEvents = YES;
				INFOPLIST_KEY_UILaunchScreen_Generation = YES;
				INFOPLIST_KEY_UISupportedInterfaceOrientations_iPad = "UIInterfaceOrientationPortrait UIInterfaceOrientationPortraitUpsideDown UIInterfaceOrientationLandscapeLeft UIInterfaceOrientationLandscapeRight";
				INFOPLIST_KEY_UISupportedInterfaceOrientations_iPhone = "UIInterfaceOrientationPortrait UIInterfaceOrientationLandscapeLeft UIInterfaceOrientationLandscapeRight";
				LD_RUNPATH_SEARCH_PATHS = (
					"$(inherited)",
					"@executable_path/Frameworks",
				);
				MARKETING_VERSION = 1.0;
				PRODUCT_BUNDLE_IDENTIFIER = com.austin.WuxiaMeditation;
				PRODUCT_NAME = "$(TARGET_NAME)";
				SWIFT_EMIT_LOC_STRINGS = YES;
				SWIFT_VERSION = 5.0;
				TARGETED_DEVICE_FAMILY = "1,2";
			};
			name = Release;
		};
/* End XCBuildConfiguration section */

/* Begin XCConfigurationList section */
		3A5AFB622C1CA6FD0093D449 /* Build configuration list for PBXProject "WuxiaMeditation" */ = {
			isa = XCConfigurationList;
			buildConfigurations = (
				3A5AFB752C1CA6FE0093D449 /* Debug */,
				3A5AFB762C1CA6FE0093D449 /* Release */,
			);
			defaultConfigurationIsVisible = 0;
			defaultConfigurationName = Release;
		};
		3A5AFB772C1CA6FE0093D449 /* Build configuration list for PBXNativeTarget "WuxiaMeditation" */ = {
			isa = XCConfigurationList;
			buildConfigurations = (
				3A5AFB782C1CA6FE0093D449 /* Debug */,
				3A5AFB792C1CA6FE0093D449 /* Release */,
			);
			defaultConfigurationIsVisible = 0;
			defaultConfigurationName = Release;
		};
/* End XCConfigurationList section */
	};
	rootObject = 3A5AFB5F2C1CA6FD0093D449 /* Project object */;
}
